
Microsoft Visual Studio Solution File, Format Version 12.00
# Visual Studio Version 17
VisualStudioVersion = 17.4.33213.308
MinimumVisualStudioVersion = 10.0.40219.1
Project("{FAE04EC0-301F-11D3-BF4B-00C04F79EFBC}") = "DentistryWpfApp", "DentistryWpfApp\DentistryWpfApp.csproj", "{EBDE4B70-681C-466E-8693-1E4459D98D3E}"
EndProject
Project("{FAE04EC0-301F-11D3-BF4B-00C04F79EFBC}") = "DentistryClassLibrary", "DentistryClassLibrary\DentistryClassLibrary.csproj", "{55BC7C91-DCAA-4D6C-BE5C-1F419CC50A69}"
EndProject
Project("{FAE04EC0-301F-11D3-BF4B-00C04F79EFBC}") = "DentistryLibraryTests", "DentistryLibraryTests\DentistryLibraryTests.csproj", "{190ED49F-172E-44A4-9154-53F0611FB071}"
EndProject
Project("{FAE04EC0-301F-11D3-BF4B-00C04F79EFBC}") = "DentalMKBLibrary", "DentalMKBLibrary\DentalMKBLibrary.csproj", "{ED9FC3BC-EE0B-497D-A23A-34D610FAEC95}"
EndProject
Project("{840C416C-B8F3-42BC-B0DD-F6BB14C9F8CB}") = "AI Setup Projectes", "AI Setup Projectes\AI Setup Projectes.aiproj", "{9647712C-3F75-4687-B7EE-0865F24BB824}"
EndProject
Global
	GlobalSection(SolutionConfigurationPlatforms) = preSolution
		All|Any CPU = All|Any CPU
		Debug|Any CPU = Debug|Any CPU
		DefaultBuild|Any CPU = DefaultBuild|Any CPU
		Release|Any CPU = Release|Any CPU
	EndGlobalSection
	GlobalSection(ProjectConfigurationPlatforms) = postSolution
		{EBDE4B70-681C-466E-8693-1E4459D98D3E}.All|Any CPU.ActiveCfg = Release|Any CPU
		{EBDE4B70-681C-466E-8693-1E4459D98D3E}.All|Any CPU.Build.0 = Release|Any CPU
		{EBDE4B70-681C-466E-8693-1E4459D98D3E}.Debug|Any CPU.ActiveCfg = Debug|Any CPU
		{EBDE4B70-681C-466E-8693-1E4459D98D3E}.Debug|Any CPU.Build.0 = Debug|Any CPU
		{EBDE4B70-681C-466E-8693-1E4459D98D3E}.DefaultBuild|Any CPU.ActiveCfg = Debug|Any CPU
		{EBDE4B70-681C-466E-8693-1E4459D98D3E}.DefaultBuild|Any CPU.Build.0 = Debug|Any CPU
		{EBDE4B70-681C-466E-8693-1E4459D98D3E}.Release|Any CPU.ActiveCfg = Release|Any CPU
		{EBDE4B70-681C-466E-8693-1E4459D98D3E}.Release|Any CPU.Build.0 = Release|Any CPU
		{55BC7C91-DCAA-4D6C-BE5C-1F419CC50A69}.All|Any CPU.ActiveCfg = Release|Any CPU
		{55BC7C91-DCAA-4D6C-BE5C-1F419CC50A69}.All|Any CPU.Build.0 = Release|Any CPU
		{55BC7C91-DCAA-4D6C-BE5C-1F419CC50A69}.Debug|Any CPU.ActiveCfg = Debug|Any CPU
		{55BC7C91-DCAA-4D6C-BE5C-1F419CC50A69}.Debug|Any CPU.Build.0 = Debug|Any CPU
		{55BC7C91-DCAA-4D6C-BE5C-1F419CC50A69}.DefaultBuild|Any CPU.ActiveCfg = Debug|Any CPU
		{55BC7C91-DCAA-4D6C-BE5C-1F419CC50A69}.DefaultBuild|Any CPU.Build.0 = Debug|Any CPU
		{55BC7C91-DCAA-4D6C-BE5C-1F419CC50A69}.Release|Any CPU.ActiveCfg = Release|Any CPU
		{55BC7C91-DCAA-4D6C-BE5C-1F419CC50A69}.Release|Any CPU.Build.0 = Release|Any CPU
		{190ED49F-172E-44A4-9154-53F0611FB071}.All|Any CPU.ActiveCfg = Release|Any CPU
		{190ED49F-172E-44A4-9154-53F0611FB071}.All|Any CPU.Build.0 = Release|Any CPU
		{190ED49F-172E-44A4-9154-53F0611FB071}.Debug|Any CPU.ActiveCfg = Debug|Any CPU
		{190ED49F-172E-44A4-9154-53F0611FB071}.Debug|Any CPU.Build.0 = Debug|Any CPU
		{190ED49F-172E-44A4-9154-53F0611FB071}.DefaultBuild|Any CPU.ActiveCfg = Debug|Any CPU
		{190ED49F-172E-44A4-9154-53F0611FB071}.DefaultBuild|Any CPU.Build.0 = Debug|Any CPU
		{190ED49F-172E-44A4-9154-53F0611FB071}.Release|Any CPU.ActiveCfg = Release|Any CPU
		{190ED49F-172E-44A4-9154-53F0611FB071}.Release|Any CPU.Build.0 = Release|Any CPU
		{ED9FC3BC-EE0B-497D-A23A-34D610FAEC95}.All|Any CPU.ActiveCfg = Release|Any CPU
		{ED9FC3BC-EE0B-497D-A23A-34D610FAEC95}.All|Any CPU.Build.0 = Release|Any CPU
		{ED9FC3BC-EE0B-497D-A23A-34D610FAEC95}.Debug|Any CPU.ActiveCfg = Debug|Any CPU
		{ED9FC3BC-EE0B-497D-A23A-34D610FAEC95}.Debug|Any CPU.Build.0 = Debug|Any CPU
		{ED9FC3BC-EE0B-497D-A23A-34D610FAEC95}.DefaultBuild|Any CPU.ActiveCfg = Debug|Any CPU
		{ED9FC3BC-EE0B-497D-A23A-34D610FAEC95}.DefaultBuild|Any CPU.Build.0 = Debug|Any CPU
		{ED9FC3BC-EE0B-497D-A23A-34D610FAEC95}.Release|Any CPU.ActiveCfg = Release|Any CPU
		{ED9FC3BC-EE0B-497D-A23A-34D610FAEC95}.Release|Any CPU.Build.0 = Release|Any CPU
		{9647712C-3F75-4687-B7EE-0865F24BB824}.All|Any CPU.ActiveCfg = DefaultBuild
		{9647712C-3F75-4687-B7EE-0865F24BB824}.All|Any CPU.Build.0 = DefaultBuild
		{9647712C-3F75-4687-B7EE-0865F24BB824}.Debug|Any CPU.ActiveCfg = DefaultBuild
		{9647712C-3F75-4687-B7EE-0865F24BB824}.Debug|Any CPU.Build.0 = DefaultBuild
		{9647712C-3F75-4687-B7EE-0865F24BB824}.DefaultBuild|Any CPU.ActiveCfg = DefaultBuild
		{9647712C-3F75-4687-B7EE-0865F24BB824}.DefaultBuild|Any CPU.Build.0 = DefaultBuild
		{9647712C-3F75-4687-B7EE-0865F24BB824}.Release|Any CPU.ActiveCfg = DefaultBuild
		{9647712C-3F75-4687-B7EE-0865F24BB824}.Release|Any CPU.Build.0 = DefaultBuild
	EndGlobalSection
	GlobalSection(SolutionProperties) = preSolution
		HideSolutionNode = FALSE
	EndGlobalSection
	GlobalSection(ExtensibilityGlobals) = postSolution
		SolutionGuid = {1E969E02-4D61-4058-B7C6-0F1D78891F5B}
	EndGlobalSection
EndGlobal
